# Output digests are published only after multi-architecture verification in the release gate.
version = 1
source.debian-bookworm-slim = sha256:88200866dfff7ea7f5cbcb6ec7c8a701889efe6fe859fe64d6990e4b07ea4171
source.node20-bookworm-slim = sha256:2cf067cfed83d5ea958367df9f966191a942351a2df77d6f0193e162b5febfc0
source.node22-bookworm-slim = sha256:83f487e0a63425e5b4d146fb5e5be574bcbe1b7b843d3ebafdd95eaf7767a7e5
source.python3.12-slim-bookworm = sha256:0f5b26b9518d002b6173fd61daad821fa340635ebfec5bba471013f9ca114579
source.uv-0.8.13 = sha256:4de5495181a281bc744845b9579acf7b221d6791f99bcc211b9ec13f417c2853
ghcr.io/brnyxx/pano-sandbox-base:0.1 = sha256:0b88136f67f67f463ac1e9cc531dbe1bad7ea95d5ad5e4afd68337b966e24249
ghcr.io/brnyxx/pano-sandbox-node:20 = sha256:2ef58b44bd9ebc247e97d1b3c54f63570ae206b925b277d86d93e5319d1cd367
ghcr.io/brnyxx/pano-sandbox-node:22 = sha256:d0f7cc3fcac6a24ea0f8b7b9d62c542a04642ca5b38a4e249e017a7311a8b7c5
ghcr.io/brnyxx/pano-sandbox-python:3.12 = sha256:3e2b99433c18506f59d0e44e40b8af2b0350ee4df903252a1ab462f0eac3f589
